{
  "version": 1,
  "dependencies": {
    ".NETnanoFramework,Version=v1.0": {
      "nanoFramework.CoreLibrary": {
        "type": "Direct",
        "requested": "[2.0.0-preview.29, 2.0.0-preview.29]",
        "resolved": "2.0.0-preview.29",
        "contentHash": "7NDp9Sda9FTFBDN//X34r23rJBHUkCvyGvrFh9s5B8H2nMoet4J0OlEOiZRUsEPBXlsNpZFVp+Cd6OSjnLSg5A=="
      },
      "nanoFramework.Hardware.Esp32": {
        "type": "Direct",
        "requested": "[2.0.0-preview.1, 2.0.0-preview.1]",
        "resolved": "2.0.0-preview.1",
        "contentHash": "koKkgHPFKAui0OSNuXa0KPXg256YN9tBkOvDi+e292q7T8wdAVBG7vRaXQFuK8DxSYbo6kWC5WRcW6r+bvL/Aw=="
      },
      "nanoFramework.Runtime.Events": {
        "type": "Direct",
        "requested": "[2.0.0-preview.1, 2.0.0-preview.1]",
        "resolved": "2.0.0-preview.1",
        "contentHash": "MrhfHe/2pDKkXe79+L/tX4rg+lV6Z+HkcJBbjUQx2oHOwYgh74kEli8I7KnOv00rwaIPuj2BeYeW6jh6kxOZXg=="
      },
      "nanoFramework.System.IO.Streams": {
        "type": "Direct",
        "requested": "[2.0.0-preview.1, 2.0.0-preview.1]",
        "resolved": "2.0.0-preview.1",
        "contentHash": "JCLDrlrh5hbmL6nlYIY+eWGvyJwN7NgU6lHJfxQ8IhDLw/B08k+iAo/KLXLB2n1bAb4b0zhGeLlJ0P1xZUyDeg=="
      },
      "nanoFramework.System.Text": {
        "type": "Direct",
        "requested": "[2.0.0-preview.1, 2.0.0-preview.1]",
        "resolved": "2.0.0-preview.1",
        "contentHash": "+FZMSc0QPp6GbU63WXCmryKtd/zEkmH51daIV3UIV3t9CUHSg8sK7rkASVrlQ7kGYbgQl02IDbIB/r1hIK1MLw=="
      },
      "nanoFramework.TestFramework": {
        "type": "Direct",
        "requested": "[4.0.0-preview.45, 4.0.0-preview.45]",
        "resolved": "4.0.0-preview.45",
        "contentHash": "QnRl5gAJW4uoH4k4oQMT+gVnI57lGnST8F/PuK31M+j0AekWFvcSHKDirWrY9rs/JJTLPwgllaKiQGioTfBwPg=="
      }
    }
  }
}