{
  "version": 1,
  "dependencies": {
    ".NETnanoFramework,Version=v1.0": {
      "nanoFramework.CoreLibrary": {
        "type": "Direct",
        "requested": "[2.0.0-preview.29, 2.0.0-preview.29]",
        "resolved": "2.0.0-preview.29",
        "contentHash": "7NDp9Sda9FTFBDN//X34r23rJBHUkCvyGvrFh9s5B8H2nMoet4J0OlEOiZRUsEPBXlsNpZFVp+Cd6OSjnLSg5A=="
      },
      "nanoFramework.Runtime.Events": {
        "type": "Direct",
        "requested": "[2.0.0-preview.1, 2.0.0-preview.1]",
        "resolved": "2.0.0-preview.1",
        "contentHash": "MrhfHe/2pDKkXe79+L/tX4rg+lV6Z+HkcJBbjUQx2oHOwYgh74kEli8I7KnOv00rwaIPuj2BeYeW6jh6kxOZXg=="
      },
      "nanoFramework.System.IO.Streams": {
        "type": "Direct",
        "requested": "[2.0.0-preview.1, 2.0.0-preview.1]",
        "resolved": "2.0.0-preview.1",
        "contentHash": "JCLDrlrh5hbmL6nlYIY+eWGvyJwN7NgU6lHJfxQ8IhDLw/B08k+iAo/KLXLB2n1bAb4b0zhGeLlJ0P1xZUyDeg=="
      },
      "nanoFramework.System.Text": {
        "type": "Direct",
        "requested": "[2.0.0-preview.1, 2.0.0-preview.1]",
        "resolved": "2.0.0-preview.1",
        "contentHash": "+FZMSc0QPp6GbU63WXCmryKtd/zEkmH51daIV3UIV3t9CUHSg8sK7rkASVrlQ7kGYbgQl02IDbIB/r1hIK1MLw=="
      },
      "Nerdbank.GitVersioning": {
        "type": "Direct",
        "requested": "[3.7.115, 3.7.115]",
        "resolved": "3.7.115",
        "contentHash": "EpXamaAdRfG/BMxGgvZlTM0npRnkmXUjAj8OdNKd17t4oN+2nvjdv/KnFmzOOMDqvlwB49UCwtOHJrAQTfUBtQ=="
      },
      "StyleCop.MSBuild": {
        "type": "Direct",
        "requested": "[6.2.0, 6.2.0]",
        "resolved": "6.2.0",
        "contentHash": "6J51Kt5X+Os+Ckp20SFP1SlLu3tZl+3qBhCMtJUJqGDgwSr4oHT+eg545hXCdp07tRB/8nZfXTOBDdA1XXvjUw=="
      }
    }
  }
}